{
  "name": "tailwind",
  "lockfileVersion": 3,
  "requires": true,
  "packages": {
    "": {
      "dependencies": {
        "tailwindcss": "^4.1.0"
      }
    },
    "node_modules/tailwindcss": {
      "version": "4.1.0",
      "resolved": "https://registry.npmjs.org/tailwindcss/-/tailwindcss-4.1.0.tgz",
      "integrity": "sha512-vBYstoFnvUZCDxaauNGQQEvJNQgCd1vSMDRYuZZMH1xRRcTboOk1rJrW5yFkEabU9X6Yx1C4LQ+QvPOvQj4Daw==",
      "license": "MIT"
    }
  }
}
